# This file is automatically @generated by Cargo.
# It is not intended for manual editing.
version = 4

[[package]]
name = "host-agent"
version = "0.1.0"
dependencies = [
 "sand-client",
 "sand-protocol",
]

[[package]]
name = "sand-cli"
version = "0.1.0"
dependencies = [
 "sand-client",
 "sand-protocol",
]

[[package]]
name = "sand-client"
version = "0.1.0"
dependencies = [
 "sand-protocol",
]

[[package]]
name = "sand-init"
version = "0.1.0"

[[package]]
name = "sand-protocol"
version = "0.1.0"

[[package]]
name = "sandd"
version = "0.1.0"
dependencies = [
 "sand-protocol",
]
